
Microsoft Visual Studio Solution File, Format Version 12.00
# Visual Studio Version 17
VisualStudioVersion = 17.3.32819.101
MinimumVisualStudioVersion = 10.0.40219.1
Project("{FAE04EC0-301F-11D3-BF4B-00C04F79EFBC}") = "L12_RAMS_1018822", "L12_RAMS_1018822\L12_RAMS_1018822.csproj", "{162505A6-0516-4A22-BEF8-E7BDF01E41F5}"
EndProject
Global
	GlobalSection(SolutionConfigurationPlatforms) = preSolution
		Debug|Any CPU = Debug|Any CPU
		Release|Any CPU = Release|Any CPU
	EndGlobalSection
	GlobalSection(ProjectConfigurationPlatforms) = postSolution
		{162505A6-0516-4A22-BEF8-E7BDF01E41F5}.Debug|Any CPU.ActiveCfg = Debug|Any CPU
		{162505A6-0516-4A22-BEF8-E7BDF01E41F5}.Debug|Any CPU.Build.0 = Debug|Any CPU
		{162505A6-0516-4A22-BEF8-E7BDF01E41F5}.Release|Any CPU.ActiveCfg = Release|Any CPU
		{162505A6-0516-4A22-BEF8-E7BDF01E41F5}.Release|Any CPU.Build.0 = Release|Any CPU
	EndGlobalSection
	GlobalSection(SolutionProperties) = preSolution
		HideSolutionNode = FALSE
	EndGlobalSection
	GlobalSection(ExtensibilityGlobals) = postSolution
		SolutionGuid = {2BFEBF9E-649C-4B9E-A0F3-6A8A6E354F78}
	EndGlobalSection
EndGlobal
